
Microsoft Visual Studio Solution File, Format Version 12.00
# Visual Studio Version 17
VisualStudioVersion = 17.9.34607.119
MinimumVisualStudioVersion = 10.0.40219.1
Project("{FAE04EC0-301F-11D3-BF4B-00C04F79EFBC}") = "Gameserver", "Gameserver\Gameserver.csproj", "{0316AF3C-EE9F-4CB8-AD8C-A2AA3F358B72}"
EndProject
Project("{FAE04EC0-301F-11D3-BF4B-00C04F79EFBC}") = "Tests", "Tests\Tests.csproj", "{240A8C45-6CE0-40BB-BCA2-D77A7162BC60}"
EndProject
Global
	GlobalSection(SolutionConfigurationPlatforms) = preSolution
		Debug|Any CPU = Debug|Any CPU
		Release|Any CPU = Release|Any CPU
	EndGlobalSection
	GlobalSection(ProjectConfigurationPlatforms) = postSolution
		{0316AF3C-EE9F-4CB8-AD8C-A2AA3F358B72}.Debug|Any CPU.ActiveCfg = Debug|Any CPU
		{0316AF3C-EE9F-4CB8-AD8C-A2AA3F358B72}.Debug|Any CPU.Build.0 = Debug|Any CPU
		{0316AF3C-EE9F-4CB8-AD8C-A2AA3F358B72}.Release|Any CPU.ActiveCfg = Release|Any CPU
		{0316AF3C-EE9F-4CB8-AD8C-A2AA3F358B72}.Release|Any CPU.Build.0 = Release|Any CPU
		{240A8C45-6CE0-40BB-BCA2-D77A7162BC60}.Debug|Any CPU.ActiveCfg = Debug|Any CPU
		{240A8C45-6CE0-40BB-BCA2-D77A7162BC60}.Debug|Any CPU.Build.0 = Debug|Any CPU
		{240A8C45-6CE0-40BB-BCA2-D77A7162BC60}.Release|Any CPU.ActiveCfg = Release|Any CPU
		{240A8C45-6CE0-40BB-BCA2-D77A7162BC60}.Release|Any CPU.Build.0 = Release|Any CPU
	EndGlobalSection
	GlobalSection(SolutionProperties) = preSolution
		HideSolutionNode = FALSE
	EndGlobalSection
	GlobalSection(ExtensibilityGlobals) = postSolution
		SolutionGuid = {F3687CA1-D17D-4D3F-B912-71CB1F6DD779}
	EndGlobalSection
EndGlobal
